// !$*UTF8*$!
{
	archiveVersion = 1;
	classes = {
	};
	objectVersion = 46;
	objects = {

/* Begin PBXBuildFile section */
		45BF4FD00787CDCCDB2CAC8F /* Pods.framework in Frameworks */ = {isa = PBXBuildFile; fileRef = 73EBA39BB17AE1999435C7DE /* Pods.framework */; };
		C71D0CB61BB82B1500EB4304 /* AirRootViewController.swift in Sources */ = {isa = PBXBuildFile; fileRef = C71D0CB51BB82B1500EB4304 /* AirRootViewController.swift */; settings = {ASSET_TAGS = (); }; };
		C71D0CB81BB8350600EB4304 /* AirPreviewController.swift in Sources */ = {isa = PBXBuildFile; fileRef = C71D0CB71BB8350600EB4304 /* AirPreviewController.swift */; settings = {ASSET_TAGS = (); }; };
		C728A7E11BA1C0830009670C /* AirItemCollectionViewLayout.swift in Sources */ = {isa = PBXBuildFile; fileRef = C728A7E01BA1C0830009670C /* AirItemCollectionViewLayout.swift */; };
		C728A7E31BA1C2390009670C /* AirItemCollectionViewFlowLayout.swift in Sources */ = {isa = PBXBuildFile; fileRef = C728A7E21BA1C2390009670C /* AirItemCollectionViewFlowLayout.swift */; };
		C728A7E51BA1C2860009670C /* AirItemCollectionViewController.swift in Sources */ = {isa = PBXBuildFile; fileRef = C728A7E41BA1C2860009670C /* AirItemCollectionViewController.swift */; };
		C728A7E71BA1C2D10009670C /* AirItemCollectionCell.swift in Sources */ = {isa = PBXBuildFile; fileRef = C728A7E61BA1C2D10009670C /* AirItemCollectionCell.swift */; };
		C728A7EA1BA1C2FA0009670C /* AirItem.m in Sources */ = {isa = PBXBuildFile; fileRef = C728A7E91BA1C2FA0009670C /* AirItem.m */; };
		C728A7EC1BA1C8D40009670C /* AirItemCollectionLayoutAttributes.swift in Sources */ = {isa = PBXBuildFile; fileRef = C728A7EB1BA1C8D40009670C /* AirItemCollectionLayoutAttributes.swift */; };
		C728A7EE1BA1CBEF0009670C /* AirItemCollectionSupplementaryView.swift in Sources */ = {isa = PBXBuildFile; fileRef = C728A7ED1BA1CBEF0009670C /* AirItemCollectionSupplementaryView.swift */; };
		C730C1A11B67962000684588 /* AirFileManager.m in Sources */ = {isa = PBXBuildFile; fileRef = C730C1A01B67962000684588 /* AirFileManager.m */; };
		C730C1A31B67A40200684588 /* AirFolderCell.swift in Sources */ = {isa = PBXBuildFile; fileRef = C730C1A21B67A40200684588 /* AirFolderCell.swift */; };
		C730C1A71B68B63600684588 /* dream.mp3 in Resources */ = {isa = PBXBuildFile; fileRef = C730C1A51B68B63600684588 /* dream.mp3 */; };
		C730C1A81B68B63600684588 /* peace_of_mind.mp3 in Resources */ = {isa = PBXBuildFile; fileRef = C730C1A61B68B63600684588 /* peace_of_mind.mp3 */; };
		C730C1AD1B6A34EF00684588 /* AirShowPlayerViewController.m in Sources */ = {isa = PBXBuildFile; fileRef = C730C1AC1B6A34EF00684588 /* AirShowPlayerViewController.m */; };
		C730C1B01B6A35B700684588 /* AirShowPlayerView.m in Sources */ = {isa = PBXBuildFile; fileRef = C730C1AF1B6A35B700684588 /* AirShowPlayerView.m */; };
		C730C1B21B70BF1D00684588 /* Photos.framework in Frameworks */ = {isa = PBXBuildFile; fileRef = C730C1B11B70BF1D00684588 /* Photos.framework */; };
		C730C1B41B70FC8200684588 /* AirShowCell.swift in Sources */ = {isa = PBXBuildFile; fileRef = C730C1B31B70FC8200684588 /* AirShowCell.swift */; };
		C730C1B71B73ABF400684588 /* AirSensorManager.m in Sources */ = {isa = PBXBuildFile; fileRef = C730C1B61B73ABF400684588 /* AirSensorManager.m */; };
		C730C1B91B73AC3B00684588 /* CoreLocation.framework in Frameworks */ = {isa = PBXBuildFile; fileRef = C730C1B81B73AC3B00684588 /* CoreLocation.framework */; };
		C730C1BB1B73AC4800684588 /* CoreMotion.framework in Frameworks */ = {isa = PBXBuildFile; fileRef = C730C1BA1B73AC4800684588 /* CoreMotion.framework */; };
		C730C1BD1B73ADD800684588 /* AirCameraViewController.swift in Sources */ = {isa = PBXBuildFile; fileRef = C730C1BC1B73ADD800684588 /* AirCameraViewController.swift */; };
		C730C1BF1B75278600684588 /* CoreImage.framework in Frameworks */ = {isa = PBXBuildFile; fileRef = C730C1BE1B75278600684588 /* CoreImage.framework */; };
		C730C1C21B75294400684588 /* AirImageManager.m in Sources */ = {isa = PBXBuildFile; fileRef = C730C1C11B75294400684588 /* AirImageManager.m */; };
		C730C1C51B779F5800684588 /* 1.mov in Resources */ = {isa = PBXBuildFile; fileRef = C730C1C41B779F5800684588 /* 1.mov */; };
		C730C1C71B77A4F100684588 /* sample.mov in Resources */ = {isa = PBXBuildFile; fileRef = C730C1C61B77A4F100684588 /* sample.mov */; };
		C730C1C91B77A80200684588 /* 2.mov in Resources */ = {isa = PBXBuildFile; fileRef = C730C1C81B77A80200684588 /* 2.mov */; };
		C730C1CB1B78465600684588 /* sample1.mov in Resources */ = {isa = PBXBuildFile; fileRef = C730C1CA1B78465600684588 /* sample1.mov */; };
		C730C1CD1B7AE9D700684588 /* AirImageSelectedViewController.swift in Sources */ = {isa = PBXBuildFile; fileRef = C730C1CC1B7AE9D700684588 /* AirImageSelectedViewController.swift */; };
		C730C1CF1B7AEA2300684588 /* AirMovieCollectionViewController.swift in Sources */ = {isa = PBXBuildFile; fileRef = C730C1CE1B7AEA2300684588 /* AirMovieCollectionViewController.swift */; };
		C730C1D11B7AEA6500684588 /* AirSoundViewController.swift in Sources */ = {isa = PBXBuildFile; fileRef = C730C1D01B7AEA6500684588 /* AirSoundViewController.swift */; };
		C730C1D31B7B1BF400684588 /* AirImageCell.swift in Sources */ = {isa = PBXBuildFile; fileRef = C730C1D21B7B1BF400684588 /* AirImageCell.swift */; };
		C730C1D51B7B1C1A00684588 /* AirMovieCell.swift in Sources */ = {isa = PBXBuildFile; fileRef = C730C1D41B7B1C1A00684588 /* AirMovieCell.swift */; };
		C730C1DA1B7BB9A000684588 /* AirImage.m in Sources */ = {isa = PBXBuildFile; fileRef = C730C1D91B7BB9A000684588 /* AirImage.m */; };
		C730C1DD1B7BBDF000684588 /* AirMovie.m in Sources */ = {isa = PBXBuildFile; fileRef = C730C1DC1B7BBDF000684588 /* AirMovie.m */; };
		C730C1E01B7BBE2200684588 /* AirShow.m in Sources */ = {isa = PBXBuildFile; fileRef = C730C1DF1B7BBE2200684588 /* AirShow.m */; };
		C730C1E21B7DFDD000684588 /* AirImageEditViewController.swift in Sources */ = {isa = PBXBuildFile; fileRef = C730C1E11B7DFDD000684588 /* AirImageEditViewController.swift */; };
		C730C1E41B7DFDFA00684588 /* AirMovieEditViewController.swift in Sources */ = {isa = PBXBuildFile; fileRef = C730C1E31B7DFDFA00684588 /* AirMovieEditViewController.swift */; };
		C730C1E81B7EC00400684588 /* AirShowEditViewController.swift in Sources */ = {isa = PBXBuildFile; fileRef = C730C1E71B7EC00400684588 /* AirShowEditViewController.swift */; };
		C730C1EB1B7F5FF800684588 /* AirFile.m in Sources */ = {isa = PBXBuildFile; fileRef = C730C1EA1B7F5FF800684588 /* AirFile.m */; };
		C7667BAE1BD0028C00CA41A1 /* AirSetting.m in Sources */ = {isa = PBXBuildFile; fileRef = C7667BAD1BD0028C00CA41A1 /* AirSetting.m */; settings = {ASSET_TAGS = (); }; };
		C77BE9B61BCC525A0033F761 /* AirLocalCameraViewController.swift in Sources */ = {isa = PBXBuildFile; fileRef = C77BE9B51BCC525A0033F761 /* AirLocalCameraViewController.swift */; settings = {ASSET_TAGS = (); }; };
		C7CE59561BB5E90300E09D1C /* Share.m in Sources */ = {isa = PBXBuildFile; fileRef = C7CE59551BB5E90300E09D1C /* Share.m */; settings = {ASSET_TAGS = (); }; };
		C7CE59591BB6FF6900E09D1C /* AirFrameCell.m in Sources */ = {isa = PBXBuildFile; fileRef = C7CE59581BB6FF6900E09D1C /* AirFrameCell.m */; settings = {ASSET_TAGS = (); }; };
		C7CE595C1BB7021500E09D1C /* AirFrame.m in Sources */ = {isa = PBXBuildFile; fileRef = C7CE595B1BB7021500E09D1C /* AirFrame.m */; settings = {ASSET_TAGS = (); }; };
		C7CE595E1BB7F65F00E09D1C /* AirPlayerViewController.swift in Sources */ = {isa = PBXBuildFile; fileRef = C7CE595D1BB7F65F00E09D1C /* AirPlayerViewController.swift */; settings = {ASSET_TAGS = (); }; };
		C7CE59601BB7F6A200E09D1C /* AirPlayerView.swift in Sources */ = {isa = PBXBuildFile; fileRef = C7CE595F1BB7F6A200E09D1C /* AirPlayerView.swift */; settings = {ASSET_TAGS = (); }; };
		C7CE59621BB7F6F800E09D1C /* AirFrameCell.swift in Sources */ = {isa = PBXBuildFile; fileRef = C7CE59611BB7F6F800E09D1C /* AirFrameCell.swift */; settings = {ASSET_TAGS = (); }; };
		C7ED92AA1BC7970C00FBF447 /* AirSound.m in Sources */ = {isa = PBXBuildFile; fileRef = C7ED92A91BC7970C00FBF447 /* AirSound.m */; settings = {ASSET_TAGS = (); }; };
		C7ED92AC1BC9678400FBF447 /* AirProgressViewController.swift in Sources */ = {isa = PBXBuildFile; fileRef = C7ED92AB1BC9678400FBF447 /* AirProgressViewController.swift */; settings = {ASSET_TAGS = (); }; };
		C7F253821B66336C00930132 /* AppDelegate.swift in Sources */ = {isa = PBXBuildFile; fileRef = C7F253811B66336C00930132 /* AppDelegate.swift */; };
		C7F253871B66336C00930132 /* Main.storyboard in Resources */ = {isa = PBXBuildFile; fileRef = C7F253851B66336C00930132 /* Main.storyboard */; };
		C7F253891B66336C00930132 /* Images.xcassets in Resources */ = {isa = PBXBuildFile; fileRef = C7F253881B66336C00930132 /* Images.xcassets */; };
		C7F2538C1B66336C00930132 /* LaunchScreen.xib in Resources */ = {isa = PBXBuildFile; fileRef = C7F2538A1B66336C00930132 /* LaunchScreen.xib */; };
		C7F253981B66336C00930132 /* AirCommCameraTests.swift in Sources */ = {isa = PBXBuildFile; fileRef = C7F253971B66336C00930132 /* AirCommCameraTests.swift */; };
		C7F253A21B66342000930132 /* AirFolderCollectionViewController.swift in Sources */ = {isa = PBXBuildFile; fileRef = C7F253A11B66342000930132 /* AirFolderCollectionViewController.swift */; };
		C7F253A41B6634BD00930132 /* AirImageCollectionViewController.swift in Sources */ = {isa = PBXBuildFile; fileRef = C7F253A31B6634BD00930132 /* AirImageCollectionViewController.swift */; };
		C7F253AA1B6639F800930132 /* AirCameraManager.m in Sources */ = {isa = PBXBuildFile; fileRef = C7F253A91B6639F800930132 /* AirCameraManager.m */; };
		C7F253AD1B663A8400930132 /* AirShowManager.m in Sources */ = {isa = PBXBuildFile; fileRef = C7F253AC1B663A8400930132 /* AirShowManager.m */; };
		C7F253AF1B663AAA00930132 /* AirShowCollectionViewController.swift in Sources */ = {isa = PBXBuildFile; fileRef = C7F253AE1B663AAA00930132 /* AirShowCollectionViewController.swift */; };
		C7F253B51B663E2D00930132 /* FAFlashAir.m in Sources */ = {isa = PBXBuildFile; fileRef = C7F253B21B663E2D00930132 /* FAFlashAir.m */; };
		C7F253B61B663E2D00930132 /* FAItem.m in Sources */ = {isa = PBXBuildFile; fileRef = C7F253B41B663E2D00930132 /* FAItem.m */; };
		C7F253C71B664A2400930132 /* DebugLog.swift in Sources */ = {isa = PBXBuildFile; fileRef = C7F253BB1B664A2400930132 /* DebugLog.swift */; };
		C7F253C81B664A2400930132 /* FileManager.m in Sources */ = {isa = PBXBuildFile; fileRef = C7F253BD1B664A2400930132 /* FileManager.m */; };
		C7F253CA1B664A2400930132 /* Log.m in Sources */ = {isa = PBXBuildFile; fileRef = C7F253C01B664A2400930132 /* Log.m */; };
		C7F253CB1B664A2400930132 /* Uploader.m in Sources */ = {isa = PBXBuildFile; fileRef = C7F253C21B664A2400930132 /* Uploader.m */; };
		C7F253CC1B664A2400930132 /* Util.swift in Sources */ = {isa = PBXBuildFile; fileRef = C7F253C31B664A2400930132 /* Util.swift */; };
		C7F253CD1B664A2400930132 /* Util_C.m in Sources */ = {isa = PBXBuildFile; fileRef = C7F253C41B664A2400930132 /* Util_C.m */; };
		C7F253CF1B664D7900930132 /* DropboxSDK.framework in Frameworks */ = {isa = PBXBuildFile; fileRef = C7F253CE1B664D7900930132 /* DropboxSDK.framework */; };
/* End PBXBuildFile section */

/* Begin PBXContainerItemProxy section */
		C7F253921B66336C00930132 /* PBXContainerItemProxy */ = {
			isa = PBXContainerItemProxy;
			containerPortal = C7F253741B66336C00930132 /* Project object */;
			proxyType = 1;
			remoteGlobalIDString = C7F2537B1B66336C00930132;
			remoteInfo = AirCommCamera;
		};
/* End PBXContainerItemProxy section */

/* Begin PBXFileReference section */
		035B1E73BD14F6CB562974F6 /* Pods.release.xcconfig */ = {isa = PBXFileReference; includeInIndex = 1; lastKnownFileType = text.xcconfig; name = Pods.release.xcconfig; path = "Pods/Target Support Files/Pods/Pods.release.xcconfig"; sourceTree = "<group>"; };
		73EBA39BB17AE1999435C7DE /* Pods.framework */ = {isa = PBXFileReference; explicitFileType = wrapper.framework; includeInIndex = 0; path = Pods.framework; sourceTree = BUILT_PRODUCTS_DIR; };
		C71D0CB51BB82B1500EB4304 /* AirRootViewController.swift */ = {isa = PBXFileReference; fileEncoding = 4; lastKnownFileType = sourcecode.swift; path = AirRootViewController.swift; sourceTree = "<group>"; };
		C71D0CB71BB8350600EB4304 /* AirPreviewController.swift */ = {isa = PBXFileReference; fileEncoding = 4; lastKnownFileType = sourcecode.swift; path = AirPreviewController.swift; sourceTree = "<group>"; };
		C728A7E01BA1C0830009670C /* AirItemCollectionViewLayout.swift */ = {isa = PBXFileReference; fileEncoding = 4; lastKnownFileType = sourcecode.swift; path = AirItemCollectionViewLayout.swift; sourceTree = "<group>"; };
		C728A7E21BA1C2390009670C /* AirItemCollectionViewFlowLayout.swift */ = {isa = PBXFileReference; fileEncoding = 4; lastKnownFileType = sourcecode.swift; path = AirItemCollectionViewFlowLayout.swift; sourceTree = "<group>"; };
		C728A7E41BA1C2860009670C /* AirItemCollectionViewController.swift */ = {isa = PBXFileReference; fileEncoding = 4; lastKnownFileType = sourcecode.swift; path = AirItemCollectionViewController.swift; sourceTree = "<group>"; };
		C728A7E61BA1C2D10009670C /* AirItemCollectionCell.swift */ = {isa = PBXFileReference; fileEncoding = 4; lastKnownFileType = sourcecode.swift; path = AirItemCollectionCell.swift; sourceTree = "<group>"; };
		C728A7E81BA1C2FA0009670C /* AirItem.h */ = {isa = PBXFileReference; fileEncoding = 4; lastKnownFileType = sourcecode.c.h; path = AirItem.h; sourceTree = "<group>"; };
		C728A7E91BA1C2FA0009670C /* AirItem.m */ = {isa = PBXFileReference; fileEncoding = 4; lastKnownFileType = sourcecode.c.objc; path = AirItem.m; sourceTree = "<group>"; };
		C728A7EB1BA1C8D40009670C /* AirItemCollectionLayoutAttributes.swift */ = {isa = PBXFileReference; fileEncoding = 4; lastKnownFileType = sourcecode.swift; path = AirItemCollectionLayoutAttributes.swift; sourceTree = "<group>"; };
		C728A7ED1BA1CBEF0009670C /* AirItemCollectionSupplementaryView.swift */ = {isa = PBXFileReference; fileEncoding = 4; lastKnownFileType = sourcecode.swift; path = AirItemCollectionSupplementaryView.swift; sourceTree = "<group>"; };
		C730C19F1B67962000684588 /* AirFileManager.h */ = {isa = PBXFileReference; fileEncoding = 4; lastKnownFileType = sourcecode.c.h; path = AirFileManager.h; sourceTree = "<group>"; };
		C730C1A01B67962000684588 /* AirFileManager.m */ = {isa = PBXFileReference; fileEncoding = 4; lastKnownFileType = sourcecode.c.objc; path = AirFileManager.m; sourceTree = "<group>"; };
		C730C1A21B67A40200684588 /* AirFolderCell.swift */ = {isa = PBXFileReference; fileEncoding = 4; lastKnownFileType = sourcecode.swift; path = AirFolderCell.swift; sourceTree = "<group>"; };
		C730C1A51B68B63600684588 /* dream.mp3 */ = {isa = PBXFileReference; lastKnownFileType = audio.mp3; path = dream.mp3; sourceTree = "<group>"; };
		C730C1A61B68B63600684588 /* peace_of_mind.mp3 */ = {isa = PBXFileReference; lastKnownFileType = audio.mp3; path = peace_of_mind.mp3; sourceTree = "<group>"; };
		C730C1AB1B6A34EF00684588 /* AirShowPlayerViewController.h */ = {isa = PBXFileReference; fileEncoding = 4; lastKnownFileType = sourcecode.c.h; path = AirShowPlayerViewController.h; sourceTree = "<group>"; };
		C730C1AC1B6A34EF00684588 /* AirShowPlayerViewController.m */ = {isa = PBXFileReference; fileEncoding = 4; lastKnownFileType = sourcecode.c.objc; path = AirShowPlayerViewController.m; sourceTree = "<group>"; };
		C730C1AE1B6A35B700684588 /* AirShowPlayerView.h */ = {isa = PBXFileReference; fileEncoding = 4; lastKnownFileType = sourcecode.c.h; path = AirShowPlayerView.h; sourceTree = "<group>"; };
		C730C1AF1B6A35B700684588 /* AirShowPlayerView.m */ = {isa = PBXFileReference; fileEncoding = 4; lastKnownFileType = sourcecode.c.objc; path = AirShowPlayerView.m; sourceTree = "<group>"; };
		C730C1B11B70BF1D00684588 /* Photos.framework */ = {isa = PBXFileReference; lastKnownFileType = wrapper.framework; name = Photos.framework; path = System/Library/Frameworks/Photos.framework; sourceTree = SDKROOT; };
		C730C1B31B70FC8200684588 /* AirShowCell.swift */ = {isa = PBXFileReference; fileEncoding = 4; lastKnownFileType = sourcecode.swift; path = AirShowCell.swift; sourceTree = "<group>"; };
		C730C1B51B73ABF400684588 /* AirSensorManager.h */ = {isa = PBXFileReference; fileEncoding = 4; lastKnownFileType = sourcecode.c.h; path = AirSensorManager.h; sourceTree = "<group>"; };
		C730C1B61B73ABF400684588 /* AirSensorManager.m */ = {isa = PBXFileReference; fileEncoding = 4; lastKnownFileType = sourcecode.c.objc; path = AirSensorManager.m; sourceTree = "<group>"; };
		C730C1B81B73AC3B00684588 /* CoreLocation.framework */ = {isa = PBXFileReference; lastKnownFileType = wrapper.framework; name = CoreLocation.framework; path = System/Library/Frameworks/CoreLocation.framework; sourceTree = SDKROOT; };
		C730C1BA1B73AC4800684588 /* CoreMotion.framework */ = {isa = PBXFileReference; lastKnownFileType = wrapper.framework; name = CoreMotion.framework; path = System/Library/Frameworks/CoreMotion.framework; sourceTree = SDKROOT; };
		C730C1BC1B73ADD800684588 /* AirCameraViewController.swift */ = {isa = PBXFileReference; fileEncoding = 4; lastKnownFileType = sourcecode.swift; path = AirCameraViewController.swift; sourceTree = "<group>"; };
		C730C1BE1B75278600684588 /* CoreImage.framework */ = {isa = PBXFileReference; lastKnownFileType = wrapper.framework; name = CoreImage.framework; path = System/Library/Frameworks/CoreImage.framework; sourceTree = SDKROOT; };
		C730C1C01B75294400684588 /* AirImageManager.h */ = {isa = PBXFileReference; fileEncoding = 4; lastKnownFileType = sourcecode.c.h; path = AirImageManager.h; sourceTree = "<group>"; };
		C730C1C11B75294400684588 /* AirImageManager.m */ = {isa = PBXFileReference; fileEncoding = 4; lastKnownFileType = sourcecode.c.objc; path = AirImageManager.m; sourceTree = "<group>"; };
		C730C1C41B779F5800684588 /* 1.mov */ = {isa = PBXFileReference; lastKnownFileType = video.quicktime; path = 1.mov; sourceTree = "<group>"; };
		C730C1C61B77A4F100684588 /* sample.mov */ = {isa = PBXFileReference; lastKnownFileType = video.quicktime; path = sample.mov; sourceTree = "<group>"; };
		C730C1C81B77A80200684588 /* 2.mov */ = {isa = PBXFileReference; lastKnownFileType = video.quicktime; path = 2.mov; sourceTree = "<group>"; };
		C730C1CA1B78465600684588 /* sample1.mov */ = {isa = PBXFileReference; lastKnownFileType = video.quicktime; path = sample1.mov; sourceTree = "<group>"; };
		C730C1CC1B7AE9D700684588 /* AirImageSelectedViewController.swift */ = {isa = PBXFileReference; fileEncoding = 4; lastKnownFileType = sourcecode.swift; path = AirImageSelectedViewController.swift; sourceTree = "<group>"; };
		C730C1CE1B7AEA2300684588 /* AirMovieCollectionViewController.swift */ = {isa = PBXFileReference; fileEncoding = 4; lastKnownFileType = sourcecode.swift; path = AirMovieCollectionViewController.swift; sourceTree = "<group>"; };
		C730C1D01B7AEA6500684588 /* AirSoundViewController.swift */ = {isa = PBXFileReference; fileEncoding = 4; lastKnownFileType = sourcecode.swift; path = AirSoundViewController.swift; sourceTree = "<group>"; };
		C730C1D21B7B1BF400684588 /* AirImageCell.swift */ = {isa = PBXFileReference; fileEncoding = 4; lastKnownFileType = sourcecode.swift; path = AirImageCell.swift; sourceTree = "<group>"; };
		C730C1D41B7B1C1A00684588 /* AirMovieCell.swift */ = {isa = PBXFileReference; fileEncoding = 4; lastKnownFileType = sourcecode.swift; path = AirMovieCell.swift; sourceTree = "<group>"; };
		C730C1D81B7BB9A000684588 /* AirImage.h */ = {isa = PBXFileReference; fileEncoding = 4; lastKnownFileType = sourcecode.c.h; path = AirImage.h; sourceTree = "<group>"; };
		C730C1D91B7BB9A000684588 /* AirImage.m */ = {isa = PBXFileReference; fileEncoding = 4; lastKnownFileType = sourcecode.c.objc; path = AirImage.m; sourceTree = "<group>"; };
		C730C1DB1B7BBDF000684588 /* AirMovie.h */ = {isa = PBXFileReference; fileEncoding = 4; lastKnownFileType = sourcecode.c.h; path = AirMovie.h; sourceTree = "<group>"; };
		C730C1DC1B7BBDF000684588 /* AirMovie.m */ = {isa = PBXFileReference; fileEncoding = 4; lastKnownFileType = sourcecode.c.objc; path = AirMovie.m; sourceTree = "<group>"; };
		C730C1DE1B7BBE2200684588 /* AirShow.h */ = {isa = PBXFileReference; fileEncoding = 4; lastKnownFileType = sourcecode.c.h; path = AirShow.h; sourceTree = "<group>"; };
		C730C1DF1B7BBE2200684588 /* AirShow.m */ = {isa = PBXFileReference; fileEncoding = 4; lastKnownFileType = sourcecode.c.objc; path = AirShow.m; sourceTree = "<group>"; };
		C730C1E11B7DFDD000684588 /* AirImageEditViewController.swift */ = {isa = PBXFileReference; fileEncoding = 4; lastKnownFileType = sourcecode.swift; path = AirImageEditViewController.swift; sourceTree = "<group>"; };
		C730C1E31B7DFDFA00684588 /* AirMovieEditViewController.swift */ = {isa = PBXFileReference; fileEncoding = 4; lastKnownFileType = sourcecode.swift; path = AirMovieEditViewController.swift; sourceTree = "<group>"; };
		C730C1E71B7EC00400684588 /* AirShowEditViewController.swift */ = {isa = PBXFileReference; fileEncoding = 4; lastKnownFileType = sourcecode.swift; path = AirShowEditViewController.swift; sourceTree = "<group>"; };
		C730C1E91B7F5FF800684588 /* AirFile.h */ = {isa = PBXFileReference; fileEncoding = 4; lastKnownFileType = sourcecode.c.h; path = AirFile.h; sourceTree = "<group>"; };
		C730C1EA1B7F5FF800684588 /* AirFile.m */ = {isa = PBXFileReference; fileEncoding = 4; lastKnownFileType = sourcecode.c.objc; path = AirFile.m; sourceTree = "<group>"; };
		C7667BAC1BD0028C00CA41A1 /* AirSetting.h */ = {isa = PBXFileReference; fileEncoding = 4; lastKnownFileType = sourcecode.c.h; path = AirSetting.h; sourceTree = "<group>"; };
		C7667BAD1BD0028C00CA41A1 /* AirSetting.m */ = {isa = PBXFileReference; fileEncoding = 4; lastKnownFileType = sourcecode.c.objc; path = AirSetting.m; sourceTree = "<group>"; };
		C77BE9B51BCC525A0033F761 /* AirLocalCameraViewController.swift */ = {isa = PBXFileReference; fileEncoding = 4; lastKnownFileType = sourcecode.swift; path = AirLocalCameraViewController.swift; sourceTree = "<group>"; };
		C7CE59541BB5E90300E09D1C /* Share.h */ = {isa = PBXFileReference; fileEncoding = 4; lastKnownFileType = sourcecode.c.h; path = Share.h; sourceTree = "<group>"; };
		C7CE59551BB5E90300E09D1C /* Share.m */ = {isa = PBXFileReference; fileEncoding = 4; lastKnownFileType = sourcecode.c.objc; path = Share.m; sourceTree = "<group>"; };
		C7CE59571BB6FF6900E09D1C /* AirFrameCell.h */ = {isa = PBXFileReference; fileEncoding = 4; lastKnownFileType = sourcecode.c.h; path = AirFrameCell.h; sourceTree = "<group>"; };
		C7CE59581BB6FF6900E09D1C /* AirFrameCell.m */ = {isa = PBXFileReference; fileEncoding = 4; lastKnownFileType = sourcecode.c.objc; path = AirFrameCell.m; sourceTree = "<group>"; };
		C7CE595A1BB7021500E09D1C /* AirFrame.h */ = {isa = PBXFileReference; fileEncoding = 4; lastKnownFileType = sourcecode.c.h; path = AirFrame.h; sourceTree = "<group>"; };
		C7CE595B1BB7021500E09D1C /* AirFrame.m */ = {isa = PBXFileReference; fileEncoding = 4; lastKnownFileType = sourcecode.c.objc; path = AirFrame.m; sourceTree = "<group>"; };
		C7CE595D1BB7F65F00E09D1C /* AirPlayerViewController.swift */ = {isa = PBXFileReference; fileEncoding = 4; lastKnownFileType = sourcecode.swift; path = AirPlayerViewController.swift; sourceTree = "<group>"; };
		C7CE595F1BB7F6A200E09D1C /* AirPlayerView.swift */ = {isa = PBXFileReference; fileEncoding = 4; lastKnownFileType = sourcecode.swift; path = AirPlayerView.swift; sourceTree = "<group>"; };
		C7CE59611BB7F6F800E09D1C /* AirFrameCell.swift */ = {isa = PBXFileReference; fileEncoding = 4; lastKnownFileType = sourcecode.swift; path = AirFrameCell.swift; sourceTree = "<group>"; };
		C7ED92A81BC7970C00FBF447 /* AirSound.h */ = {isa = PBXFileReference; fileEncoding = 4; lastKnownFileType = sourcecode.c.h; path = AirSound.h; sourceTree = "<group>"; };
		C7ED92A91BC7970C00FBF447 /* AirSound.m */ = {isa = PBXFileReference; fileEncoding = 4; lastKnownFileType = sourcecode.c.objc; path = AirSound.m; sourceTree = "<group>"; };
		C7ED92AB1BC9678400FBF447 /* AirProgressViewController.swift */ = {isa = PBXFileReference; fileEncoding = 4; lastKnownFileType = sourcecode.swift; path = AirProgressViewController.swift; sourceTree = "<group>"; };
		C7F2537C1B66336C00930132 /* AirCommCamera.app */ = {isa = PBXFileReference; explicitFileType = wrapper.application; includeInIndex = 0; path = AirCommCamera.app; sourceTree = BUILT_PRODUCTS_DIR; };
		C7F253801B66336C00930132 /* Info.plist */ = {isa = PBXFileReference; lastKnownFileType = text.plist.xml; path = Info.plist; sourceTree = "<group>"; };
		C7F253811B66336C00930132 /* AppDelegate.swift */ = {isa = PBXFileReference; lastKnownFileType = sourcecode.swift; path = AppDelegate.swift; sourceTree = "<group>"; };
		C7F253861B66336C00930132 /* Base */ = {isa = PBXFileReference; lastKnownFileType = file.storyboard; name = Base; path = Base.lproj/Main.storyboard; sourceTree = "<group>"; };
		C7F253881B66336C00930132 /* Images.xcassets */ = {isa = PBXFileReference; lastKnownFileType = folder.assetcatalog; path = Images.xcassets; sourceTree = "<group>"; };
		C7F2538B1B66336C00930132 /* Base */ = {isa = PBXFileReference; lastKnownFileType = file.xib; name = Base; path = Base.lproj/LaunchScreen.xib; sourceTree = "<group>"; };
		C7F253911B66336C00930132 /* AirCommCameraTests.xctest */ = {isa = PBXFileReference; explicitFileType = wrapper.cfbundle; includeInIndex = 0; path = AirCommCameraTests.xctest; sourceTree = BUILT_PRODUCTS_DIR; };
		C7F253961B66336C00930132 /* Info.plist */ = {isa = PBXFileReference; lastKnownFileType = text.plist.xml; path = Info.plist; sourceTree = "<group>"; };
		C7F253971B66336C00930132 /* AirCommCameraTests.swift */ = {isa = PBXFileReference; lastKnownFileType = sourcecode.swift; path = AirCommCameraTests.swift; sourceTree = "<group>"; };
		C7F253A11B66342000930132 /* AirFolderCollectionViewController.swift */ = {isa = PBXFileReference; fileEncoding = 4; lastKnownFileType = sourcecode.swift; path = AirFolderCollectionViewController.swift; sourceTree = "<group>"; };
		C7F253A31B6634BD00930132 /* AirImageCollectionViewController.swift */ = {isa = PBXFileReference; fileEncoding = 4; lastKnownFileType = sourcecode.swift; path = AirImageCollectionViewController.swift; sourceTree = "<group>"; };
		C7F253A71B6639F800930132 /* AirCommCamera-Bridging-Header.h */ = {isa = PBXFileReference; lastKnownFileType = sourcecode.c.h; path = "AirCommCamera-Bridging-Header.h"; sourceTree = "<group>"; };
		C7F253A81B6639F800930132 /* AirCameraManager.h */ = {isa = PBXFileReference; fileEncoding = 4; lastKnownFileType = sourcecode.c.h; path = AirCameraManager.h; sourceTree = "<group>"; };
		C7F253A91B6639F800930132 /* AirCameraManager.m */ = {isa = PBXFileReference; fileEncoding = 4; lastKnownFileType = sourcecode.c.objc; path = AirCameraManager.m; sourceTree = "<group>"; };
		C7F253AB1B663A8400930132 /* AirShowManager.h */ = {isa = PBXFileReference; fileEncoding = 4; lastKnownFileType = sourcecode.c.h; path = AirShowManager.h; sourceTree = "<group>"; };
		C7F253AC1B663A8400930132 /* AirShowManager.m */ = {isa = PBXFileReference; fileEncoding = 4; lastKnownFileType = sourcecode.c.objc; path = AirShowManager.m; sourceTree = "<group>"; };
		C7F253AE1B663AAA00930132 /* AirShowCollectionViewController.swift */ = {isa = PBXFileReference; fileEncoding = 4; lastKnownFileType = sourcecode.swift; path = AirShowCollectionViewController.swift; sourceTree = "<group>"; };
		C7F253B11B663E2D00930132 /* FAFlashAir.h */ = {isa = PBXFileReference; fileEncoding = 4; lastKnownFileType = sourcecode.c.h; name = FAFlashAir.h; path = FlashAir/FAFlashAir.h; sourceTree = "<group>"; };
		C7F253B21B663E2D00930132 /* FAFlashAir.m */ = {isa = PBXFileReference; fileEncoding = 4; lastKnownFileType = sourcecode.c.objc; name = FAFlashAir.m; path = FlashAir/FAFlashAir.m; sourceTree = "<group>"; };
		C7F253B31B663E2D00930132 /* FAItem.h */ = {isa = PBXFileReference; fileEncoding = 4; lastKnownFileType = sourcecode.c.h; name = FAItem.h; path = FlashAir/FAItem.h; sourceTree = "<group>"; };
		C7F253B41B663E2D00930132 /* FAItem.m */ = {isa = PBXFileReference; fileEncoding = 4; lastKnownFileType = sourcecode.c.objc; name = FAItem.m; path = FlashAir/FAItem.m; sourceTree = "<group>"; };
		C7F253BB1B664A2400930132 /* DebugLog.swift */ = {isa = PBXFileReference; fileEncoding = 4; lastKnownFileType = sourcecode.swift; path = DebugLog.swift; sourceTree = "<group>"; };
		C7F253BC1B664A2400930132 /* FileManager.h */ = {isa = PBXFileReference; fileEncoding = 4; lastKnownFileType = sourcecode.c.h; path = FileManager.h; sourceTree = "<group>"; };
		C7F253BD1B664A2400930132 /* FileManager.m */ = {isa = PBXFileReference; fileEncoding = 4; lastKnownFileType = sourcecode.c.objc; path = FileManager.m; sourceTree = "<group>"; };
		C7F253BF1B664A2400930132 /* Log.h */ = {isa = PBXFileReference; fileEncoding = 4; lastKnownFileType = sourcecode.c.h; path = Log.h; sourceTree = "<group>"; };
		C7F253C01B664A2400930132 /* Log.m */ = {isa = PBXFileReference; fileEncoding = 4; lastKnownFileType = sourcecode.c.objc; path = Log.m; sourceTree = "<group>"; };
		C7F253C11B664A2400930132 /* Uploader.h */ = {isa = PBXFileReference; fileEncoding = 4; lastKnownFileType = sourcecode.c.h; path = Uploader.h; sourceTree = "<group>"; };
		C7F253C21B664A2400930132 /* Uploader.m */ = {isa = PBXFileReference; fileEncoding = 4; lastKnownFileType = sourcecode.c.objc; path = Uploader.m; sourceTree = "<group>"; };
		C7F253C31B664A2400930132 /* Util.swift */ = {isa = PBXFileReference; fileEncoding = 4; lastKnownFileType = sourcecode.swift; path = Util.swift; sourceTree = "<group>"; };
		C7F253C41B664A2400930132 /* Util_C.m */ = {isa = PBXFileReference; fileEncoding = 4; lastKnownFileType = sourcecode.c.objc; path = Util_C.m; sourceTree = "<group>"; };
		C7F253CE1B664D7900930132 /* DropboxSDK.framework */ = {isa = PBXFileReference; lastKnownFileType = wrapper.framework; path = DropboxSDK.framework; sourceTree = "<group>"; };
		C91AF97C6343FDAE41D1FF0F /* Pods.debug.xcconfig */ = {isa = PBXFileReference; includeInIndex = 1; lastKnownFileType = text.xcconfig; name = Pods.debug.xcconfig; path = "Pods/Target Support Files/Pods/Pods.debug.xcconfig"; sourceTree = "<group>"; };
/* End PBXFileReference section */

/* Begin PBXFrameworksBuildPhase section */
		C7F253791B66336C00930132 /* Frameworks */ = {
			isa = PBXFrameworksBuildPhase;
			buildActionMask = 2147483647;
			files = (
				C730C1BF1B75278600684588 /* CoreImage.framework in Frameworks */,
				C730C1BB1B73AC4800684588 /* CoreMotion.framework in Frameworks */,
				C730C1B91B73AC3B00684588 /* CoreLocation.framework in Frameworks */,
				C730C1B21B70BF1D00684588 /* Photos.framework in Frameworks */,
				C7F253CF1B664D7900930132 /* DropboxSDK.framework in Frameworks */,
				45BF4FD00787CDCCDB2CAC8F /* Pods.framework in Frameworks */,
			);
			runOnlyForDeploymentPostprocessing = 0;
		};
		C7F2538E1B66336C00930132 /* Frameworks */ = {
			isa = PBXFrameworksBuildPhase;
			buildActionMask = 2147483647;
			files = (
			);
			runOnlyForDeploymentPostprocessing = 0;
		};
/* End PBXFrameworksBuildPhase section */

/* Begin PBXGroup section */
		2E04405B2B1F4A3F200073C6 /* Frameworks */ = {
			isa = PBXGroup;
			children = (
				C730C1BE1B75278600684588 /* CoreImage.framework */,
				C730C1BA1B73AC4800684588 /* CoreMotion.framework */,
				C730C1B81B73AC3B00684588 /* CoreLocation.framework */,
				C730C1B11B70BF1D00684588 /* Photos.framework */,
				C7F253CE1B664D7900930132 /* DropboxSDK.framework */,
				73EBA39BB17AE1999435C7DE /* Pods.framework */,
			);
			name = Frameworks;
			sourceTree = "<group>";
		};
		595876B9AAF60C7F3E91A00F /* Pods */ = {
			isa = PBXGroup;
			children = (
				C91AF97C6343FDAE41D1FF0F /* Pods.debug.xcconfig */,
				035B1E73BD14F6CB562974F6 /* Pods.release.xcconfig */,
			);
			name = Pods;
			sourceTree = "<group>";
		};
		C730C1A41B68B63600684588 /* sounds */ = {
			isa = PBXGroup;
			children = (
				C730C1A51B68B63600684588 /* dream.mp3 */,
				C730C1A61B68B63600684588 /* peace_of_mind.mp3 */,
			);
			path = sounds;
			sourceTree = "<group>";
		};
		C730C1C31B779F5800684588 /* videos */ = {
			isa = PBXGroup;
			children = (
				C730C1CA1B78465600684588 /* sample1.mov */,
				C730C1C81B77A80200684588 /* 2.mov */,
				C730C1C61B77A4F100684588 /* sample.mov */,
				C730C1C41B779F5800684588 /* 1.mov */,
			);
			path = videos;
			sourceTree = "<group>";
		};
		C7F253731B66336C00930132 = {
			isa = PBXGroup;
			children = (
				C730C1C31B779F5800684588 /* videos */,
				C730C1A41B68B63600684588 /* sounds */,
				C7F253B71B664A2400930132 /* Utility */,
				C7F253B01B663E0C00930132 /* FlashAir */,
				C7F2537E1B66336C00930132 /* AirCommCamera */,
				C7F253941B66336C00930132 /* AirCommCameraTests */,
				C7F2537D1B66336C00930132 /* Products */,
				595876B9AAF60C7F3E91A00F /* Pods */,
				2E04405B2B1F4A3F200073C6 /* Frameworks */,
			);
			sourceTree = "<group>";
		};
		C7F2537D1B66336C00930132 /* Products */ = {
			isa = PBXGroup;
			children = (
				C7F2537C1B66336C00930132 /* AirCommCamera.app */,
				C7F253911B66336C00930132 /* AirCommCameraTests.xctest */,
			);
			name = Products;
			sourceTree = "<group>";
		};
		C7F2537E1B66336C00930132 /* AirCommCamera */ = {
			isa = PBXGroup;
			children = (
				C7F253811B66336C00930132 /* AppDelegate.swift */,
				C728A7E41BA1C2860009670C /* AirItemCollectionViewController.swift */,
				C728A7E01BA1C0830009670C /* AirItemCollectionViewLayout.swift */,
				C728A7E21BA1C2390009670C /* AirItemCollectionViewFlowLayout.swift */,
				C728A7ED1BA1CBEF0009670C /* AirItemCollectionSupplementaryView.swift */,
				C728A7E61BA1C2D10009670C /* AirItemCollectionCell.swift */,
				C728A7EB1BA1C8D40009670C /* AirItemCollectionLayoutAttributes.swift */,
				C728A7E81BA1C2FA0009670C /* AirItem.h */,
				C728A7E91BA1C2FA0009670C /* AirItem.m */,
				C71D0CB51BB82B1500EB4304 /* AirRootViewController.swift */,
				C7F253AE1B663AAA00930132 /* AirShowCollectionViewController.swift */,
				C730C1B31B70FC8200684588 /* AirShowCell.swift */,
				C730C1E71B7EC00400684588 /* AirShowEditViewController.swift */,
				C71D0CB71BB8350600EB4304 /* AirPreviewController.swift */,
				C7CE595D1BB7F65F00E09D1C /* AirPlayerViewController.swift */,
				C7CE595F1BB7F6A200E09D1C /* AirPlayerView.swift */,
				C7CE59611BB7F6F800E09D1C /* AirFrameCell.swift */,
				C730C1AB1B6A34EF00684588 /* AirShowPlayerViewController.h */,
				C730C1AC1B6A34EF00684588 /* AirShowPlayerViewController.m */,
				C7CE59571BB6FF6900E09D1C /* AirFrameCell.h */,
				C7CE59581BB6FF6900E09D1C /* AirFrameCell.m */,
				C730C1AE1B6A35B700684588 /* AirShowPlayerView.h */,
				C730C1AF1B6A35B700684588 /* AirShowPlayerView.m */,
				C730C1BC1B73ADD800684588 /* AirCameraViewController.swift */,
				C77BE9B51BCC525A0033F761 /* AirLocalCameraViewController.swift */,
				C7F253A11B66342000930132 /* AirFolderCollectionViewController.swift */,
				C730C1A21B67A40200684588 /* AirFolderCell.swift */,
				C7F253A31B6634BD00930132 /* AirImageCollectionViewController.swift */,
				C730C1CC1B7AE9D700684588 /* AirImageSelectedViewController.swift */,
				C730C1E11B7DFDD000684588 /* AirImageEditViewController.swift */,
				C730C1D21B7B1BF400684588 /* AirImageCell.swift */,
				C730C1CE1B7AEA2300684588 /* AirMovieCollectionViewController.swift */,
				C730C1D41B7B1C1A00684588 /* AirMovieCell.swift */,
				C730C1E31B7DFDFA00684588 /* AirMovieEditViewController.swift */,
				C730C1D01B7AEA6500684588 /* AirSoundViewController.swift */,
				C7ED92AB1BC9678400FBF447 /* AirProgressViewController.swift */,
				C7F253A81B6639F800930132 /* AirCameraManager.h */,
				C7F253A91B6639F800930132 /* AirCameraManager.m */,
				C730C1B51B73ABF400684588 /* AirSensorManager.h */,
				C730C1B61B73ABF400684588 /* AirSensorManager.m */,
				C730C1C01B75294400684588 /* AirImageManager.h */,
				C730C1C11B75294400684588 /* AirImageManager.m */,
				C7F253AB1B663A8400930132 /* AirShowManager.h */,
				C7F253AC1B663A8400930132 /* AirShowManager.m */,
				C730C19F1B67962000684588 /* AirFileManager.h */,
				C730C1A01B67962000684588 /* AirFileManager.m */,
				C7667BAC1BD0028C00CA41A1 /* AirSetting.h */,
				C7667BAD1BD0028C00CA41A1 /* AirSetting.m */,
				C730C1E91B7F5FF800684588 /* AirFile.h */,
				C730C1EA1B7F5FF800684588 /* AirFile.m */,
				C730C1D81B7BB9A000684588 /* AirImage.h */,
				C730C1D91B7BB9A000684588 /* AirImage.m */,
				C7CE595A1BB7021500E09D1C /* AirFrame.h */,
				C7CE595B1BB7021500E09D1C /* AirFrame.m */,
				C730C1DB1B7BBDF000684588 /* AirMovie.h */,
				C730C1DC1B7BBDF000684588 /* AirMovie.m */,
				C7ED92A81BC7970C00FBF447 /* AirSound.h */,
				C7ED92A91BC7970C00FBF447 /* AirSound.m */,
				C730C1DE1B7BBE2200684588 /* AirShow.h */,
				C730C1DF1B7BBE2200684588 /* AirShow.m */,
				C7F253A71B6639F800930132 /* AirCommCamera-Bridging-Header.h */,
				C7F253851B66336C00930132 /* Main.storyboard */,
				C7F253881B66336C00930132 /* Images.xcassets */,
				C7F2538A1B66336C00930132 /* LaunchScreen.xib */,
				C7F2537F1B66336C00930132 /* Supporting Files */,
			);
			path = AirCommCamera;
			sourceTree = "<group>";
		};
		C7F2537F1B66336C00930132 /* Supporting Files */ = {
			isa = PBXGroup;
			children = (
				C7F253801B66336C00930132 /* Info.plist */,
			);
			name = "Supporting Files";
			sourceTree = "<group>";
		};
		C7F253941B66336C00930132 /* AirCommCameraTests */ = {
			isa = PBXGroup;
			children = (
				C7F253971B66336C00930132 /* AirCommCameraTests.swift */,
				C7F253951B66336C00930132 /* Supporting Files */,
			);
			path = AirCommCameraTests;
			sourceTree = "<group>";
		};
		C7F253951B66336C00930132 /* Supporting Files */ = {
			isa = PBXGroup;
			children = (
				C7F253961B66336C00930132 /* Info.plist */,
			);
			name = "Supporting Files";
			sourceTree = "<group>";
		};
		C7F253B01B663E0C00930132 /* FlashAir */ = {
			isa = PBXGroup;
			children = (
				C7F253B11B663E2D00930132 /* FAFlashAir.h */,
				C7F253B21B663E2D00930132 /* FAFlashAir.m */,
				C7F253B31B663E2D00930132 /* FAItem.h */,
				C7F253B41B663E2D00930132 /* FAItem.m */,
			);
			name = FlashAir;
			sourceTree = "<group>";
		};
		C7F253B71B664A2400930132 /* Utility */ = {
			isa = PBXGroup;
			children = (
				C7F253BB1B664A2400930132 /* DebugLog.swift */,
				C7F253BC1B664A2400930132 /* FileManager.h */,
				C7F253BD1B664A2400930132 /* FileManager.m */,
				C7F253BF1B664A2400930132 /* Log.h */,
				C7F253C01B664A2400930132 /* Log.m */,
				C7F253C11B664A2400930132 /* Uploader.h */,
				C7F253C21B664A2400930132 /* Uploader.m */,
				C7F253C31B664A2400930132 /* Util.swift */,
				C7F253C41B664A2400930132 /* Util_C.m */,
				C7CE59541BB5E90300E09D1C /* Share.h */,
				C7CE59551BB5E90300E09D1C /* Share.m */,
			);
			path = Utility;
			sourceTree = "<group>";
		};
/* End PBXGroup section */

/* Begin PBXNativeTarget section */
		C7F2537B1B66336C00930132 /* AirCommCamera */ = {
			isa = PBXNativeTarget;
			buildConfigurationList = C7F2539B1B66336C00930132 /* Build configuration list for PBXNativeTarget "AirCommCamera" */;
			buildPhases = (
				B668A64A2D6BAADD782C4EAD /* Check Pods Manifest.lock */,
				C7F253781B66336C00930132 /* Sources */,
				C7F253791B66336C00930132 /* Frameworks */,
				C7F2537A1B66336C00930132 /* Resources */,
				F4DC84831B97C6E9E792BE2F /* Copy Pods Resources */,
				A34E81DE837A792BA07366F9 /* Embed Pods Frameworks */,
			);
			buildRules = (
			);
			dependencies = (
			);
			name = AirCommCamera;
			productName = AirCommCamera;
			productReference = C7F2537C1B66336C00930132 /* AirCommCamera.app */;
			productType = "com.apple.product-type.application";
		};
		C7F253901B66336C00930132 /* AirCommCameraTests */ = {
			isa = PBXNativeTarget;
			buildConfigurationList = C7F2539E1B66336C00930132 /* Build configuration list for PBXNativeTarget "AirCommCameraTests" */;
			buildPhases = (
				C7F2538D1B66336C00930132 /* Sources */,
				C7F2538E1B66336C00930132 /* Frameworks */,
				C7F2538F1B66336C00930132 /* Resources */,
			);
			buildRules = (
			);
			dependencies = (
				C7F253931B66336C00930132 /* PBXTargetDependency */,
			);
			name = AirCommCameraTests;
			productName = AirCommCameraTests;
			productReference = C7F253911B66336C00930132 /* AirCommCameraTests.xctest */;
			productType = "com.apple.product-type.bundle.unit-test";
		};
/* End PBXNativeTarget section */

/* Begin PBXProject section */
		C7F253741B66336C00930132 /* Project object */ = {
			isa = PBXProject;
			attributes = {
				LastSwiftUpdateCheck = 0700;
				LastUpgradeCheck = 0700;
				ORGANIZATIONNAME = Threees;
				TargetAttributes = {
					C7F2537B1B66336C00930132 = {
						CreatedOnToolsVersion = 6.4;
						DevelopmentTeam = QDLP9SUCDL;
					};
					C7F253901B66336C00930132 = {
						CreatedOnToolsVersion = 6.4;
						TestTargetID = C7F2537B1B66336C00930132;
					};
				};
			};
			buildConfigurationList = C7F253771B66336C00930132 /* Build configuration list for PBXProject "AirCommCamera" */;
			compatibilityVersion = "Xcode 3.2";
			developmentRegion = English;
			hasScannedForEncodings = 0;
			knownRegions = (
				en,
				Base,
			);
			mainGroup = C7F253731B66336C00930132;
			productRefGroup = C7F2537D1B66336C00930132 /* Products */;
			projectDirPath = "";
			projectRoot = "";
			targets = (
				C7F2537B1B66336C00930132 /* AirCommCamera */,
				C7F253901B66336C00930132 /* AirCommCameraTests */,
			);
		};
/* End PBXProject section */

/* Begin PBXResourcesBuildPhase section */
		C7F2537A1B66336C00930132 /* Resources */ = {
			isa = PBXResourcesBuildPhase;
			buildActionMask = 2147483647;
			files = (
				C730C1C51B779F5800684588 /* 1.mov in Resources */,
				C730C1C71B77A4F100684588 /* sample.mov in Resources */,
				C730C1A71B68B63600684588 /* dream.mp3 in Resources */,
				C7F253871B66336C00930132 /* Main.storyboard in Resources */,
				C7F2538C1B66336C00930132 /* LaunchScreen.xib in Resources */,
				C730C1CB1B78465600684588 /* sample1.mov in Resources */,
				C730C1A81B68B63600684588 /* peace_of_mind.mp3 in Resources */,
				C7F253891B66336C00930132 /* Images.xcassets in Resources */,
				C730C1C91B77A80200684588 /* 2.mov in Resources */,
			);
			runOnlyForDeploymentPostprocessing = 0;
		};
		C7F2538F1B66336C00930132 /* Resources */ = {
			isa = PBXResourcesBuildPhase;
			buildActionMask = 2147483647;
			files = (
			);
			runOnlyForDeploymentPostprocessing = 0;
		};
/* End PBXResourcesBuildPhase section */

/* Begin PBXShellScriptBuildPhase section */
		A34E81DE837A792BA07366F9 /* Embed Pods Frameworks */ = {
			isa = PBXShellScriptBuildPhase;
			buildActionMask = 2147483647;
			files = (
			);
			inputPaths = (
			);
			name = "Embed Pods Frameworks";
			outputPaths = (
			);
			runOnlyForDeploymentPostprocessing = 0;
			shellPath = /bin/sh;
			shellScript = "\"${SRCROOT}/Pods/Target Support Files/Pods/Pods-frameworks.sh\"\n";
			showEnvVarsInLog = 0;
		};
		B668A64A2D6BAADD782C4EAD /* Check Pods Manifest.lock */ = {
			isa = PBXShellScriptBuildPhase;
			buildActionMask = 2147483647;
			files = (
			);
			inputPaths = (
			);
			name = "Check Pods Manifest.lock";
			outputPaths = (
			);
			runOnlyForDeploymentPostprocessing = 0;
			shellPath = /bin/sh;
			shellScript = "diff \"${PODS_ROOT}/../Podfile.lock\" \"${PODS_ROOT}/Manifest.lock\" > /dev/null\nif [[ $? != 0 ]] ; then\n    cat << EOM\nerror: The sandbox is not in sync with the Podfile.lock. Run 'pod install' or update your CocoaPods installation.\nEOM\n    exit 1\nfi\n";
			showEnvVarsInLog = 0;
		};
		F4DC84831B97C6E9E792BE2F /* Copy Pods Resources */ = {
			isa = PBXShellScriptBuildPhase;
			buildActionMask = 2147483647;
			files = (
			);
			inputPaths = (
			);
			name = "Copy Pods Resources";
			outputPaths = (
			);
			runOnlyForDeploymentPostprocessing = 0;
			shellPath = /bin/sh;
			shellScript = "\"${SRCROOT}/Pods/Target Support Files/Pods/Pods-resources.sh\"\n";
			showEnvVarsInLog = 0;
		};
/* End PBXShellScriptBuildPhase section */

/* Begin PBXSourcesBuildPhase section */
		C7F253781B66336C00930132 /* Sources */ = {
			isa = PBXSourcesBuildPhase;
			buildActionMask = 2147483647;
			files = (
				C7F253B51B663E2D00930132 /* FAFlashAir.m in Sources */,
				C7F253CB1B664A2400930132 /* Uploader.m in Sources */,
				C71D0CB81BB8350600EB4304 /* AirPreviewController.swift in Sources */,
				C730C1BD1B73ADD800684588 /* AirCameraViewController.swift in Sources */,
				C730C1E21B7DFDD000684588 /* AirImageEditViewController.swift in Sources */,
				C730C1A11B67962000684588 /* AirFileManager.m in Sources */,
				C7F253CD1B664A2400930132 /* Util_C.m in Sources */,
				C730C1D11B7AEA6500684588 /* AirSoundViewController.swift in Sources */,
				C7F253C71B664A2400930132 /* DebugLog.swift in Sources */,
				C7F253AF1B663AAA00930132 /* AirShowCollectionViewController.swift in Sources */,
				C728A7EA1BA1C2FA0009670C /* AirItem.m in Sources */,
				C730C1E81B7EC00400684588 /* AirShowEditViewController.swift in Sources */,
				C7F253A21B66342000930132 /* AirFolderCollectionViewController.swift in Sources */,
				C730C1E01B7BBE2200684588 /* AirShow.m in Sources */,
				C730C1DA1B7BB9A000684588 /* AirImage.m in Sources */,
				C7CE59591BB6FF6900E09D1C /* AirFrameCell.m in Sources */,
				C7ED92AA1BC7970C00FBF447 /* AirSound.m in Sources */,
				C730C1DD1B7BBDF000684588 /* AirMovie.m in Sources */,
				C730C1EB1B7F5FF800684588 /* AirFile.m in Sources */,
				C730C1CF1B7AEA2300684588 /* AirMovieCollectionViewController.swift in Sources */,
				C728A7E31BA1C2390009670C /* AirItemCollectionViewFlowLayout.swift in Sources */,
				C728A7EE1BA1CBEF0009670C /* AirItemCollectionSupplementaryView.swift in Sources */,
				C730C1D31B7B1BF400684588 /* AirImageCell.swift in Sources */,
				C71D0CB61BB82B1500EB4304 /* AirRootViewController.swift in Sources */,
				C730C1B01B6A35B700684588 /* AirShowPlayerView.m in Sources */,
				C7CE59601BB7F6A200E09D1C /* AirPlayerView.swift in Sources */,
				C7CE59561BB5E90300E09D1C /* Share.m in Sources */,
				C7F253CC1B664A2400930132 /* Util.swift in Sources */,
				C728A7E51BA1C2860009670C /* AirItemCollectionViewController.swift in Sources */,
				C7ED92AC1BC9678400FBF447 /* AirProgressViewController.swift in Sources */,
				C730C1A31B67A40200684588 /* AirFolderCell.swift in Sources */,
				C7F253B61B663E2D00930132 /* FAItem.m in Sources */,
				C730C1CD1B7AE9D700684588 /* AirImageSelectedViewController.swift in Sources */,
				C7CE595E1BB7F65F00E09D1C /* AirPlayerViewController.swift in Sources */,
				C7F253CA1B664A2400930132 /* Log.m in Sources */,
				C730C1C21B75294400684588 /* AirImageManager.m in Sources */,
				C7CE59621BB7F6F800E09D1C /* AirFrameCell.swift in Sources */,
				C7F253AA1B6639F800930132 /* AirCameraManager.m in Sources */,
				C730C1B41B70FC8200684588 /* AirShowCell.swift in Sources */,
				C7CE595C1BB7021500E09D1C /* AirFrame.m in Sources */,
				C730C1E41B7DFDFA00684588 /* AirMovieEditViewController.swift in Sources */,
				C730C1B71B73ABF400684588 /* AirSensorManager.m in Sources */,
				C7667BAE1BD0028C00CA41A1 /* AirSetting.m in Sources */,
				C7F253821B66336C00930132 /* AppDelegate.swift in Sources */,
				C728A7E71BA1C2D10009670C /* AirItemCollectionCell.swift in Sources */,
				C7F253A41B6634BD00930132 /* AirImageCollectionViewController.swift in Sources */,
				C730C1D51B7B1C1A00684588 /* AirMovieCell.swift in Sources */,
				C7F253AD1B663A8400930132 /* AirShowManager.m in Sources */,
				C730C1AD1B6A34EF00684588 /* AirShowPlayerViewController.m in Sources */,
				C77BE9B61BCC525A0033F761 /* AirLocalCameraViewController.swift in Sources */,
				C7F253C81B664A2400930132 /* FileManager.m in Sources */,
				C728A7EC1BA1C8D40009670C /* AirItemCollectionLayoutAttributes.swift in Sources */,
				C728A7E11BA1C0830009670C /* AirItemCollectionViewLayout.swift in Sources */,
			);
			runOnlyForDeploymentPostprocessing = 0;
		};
		C7F2538D1B66336C00930132 /* Sources */ = {
			isa = PBXSourcesBuildPhase;
			buildActionMask = 2147483647;
			files = (
				C7F253981B66336C00930132 /* AirCommCameraTests.swift in Sources */,
			);
			runOnlyForDeploymentPostprocessing = 0;
		};
/* End PBXSourcesBuildPhase section */

/* Begin PBXTargetDependency section */
		C7F253931B66336C00930132 /* PBXTargetDependency */ = {
			isa = PBXTargetDependency;
			target = C7F2537B1B66336C00930132 /* AirCommCamera */;
			targetProxy = C7F253921B66336C00930132 /* PBXContainerItemProxy */;
		};
/* End PBXTargetDependency section */

/* Begin PBXVariantGroup section */
		C7F253851B66336C00930132 /* Main.storyboard */ = {
			isa = PBXVariantGroup;
			children = (
				C7F253861B66336C00930132 /* Base */,
			);
			name = Main.storyboard;
			sourceTree = "<group>";
		};
		C7F2538A1B66336C00930132 /* LaunchScreen.xib */ = {
			isa = PBXVariantGroup;
			children = (
				C7F2538B1B66336C00930132 /* Base */,
			);
			name = LaunchScreen.xib;
			sourceTree = "<group>";
		};
/* End PBXVariantGroup section */

/* Begin XCBuildConfiguration section */
		C7F253991B66336C00930132 /* Debug */ = {
			isa = XCBuildConfiguration;
			buildSettings = {
				ALWAYS_SEARCH_USER_PATHS = NO;
				CLANG_CXX_LANGUAGE_STANDARD = "gnu++0x";
				CLANG_CXX_LIBRARY = "libc++";
				CLANG_ENABLE_MODULES = YES;
				CLANG_ENABLE_OBJC_ARC = YES;
				CLANG_WARN_BOOL_CONVERSION = YES;
				CLANG_WARN_CONSTANT_CONVERSION = YES;
				CLANG_WARN_DIRECT_OBJC_ISA_USAGE = YES_ERROR;
				CLANG_WARN_EMPTY_BODY = YES;
				CLANG_WARN_ENUM_CONVERSION = YES;
				CLANG_WARN_INT_CONVERSION = YES;
				CLANG_WARN_OBJC_ROOT_CLASS = YES_ERROR;
				CLANG_WARN_UNREACHABLE_CODE = YES;
				CLANG_WARN__DUPLICATE_METHOD_MATCH = YES;
				"CODE_SIGN_IDENTITY[sdk=iphoneos*]" = "iPhone Developer";
				COPY_PHASE_STRIP = NO;
				DEBUG_INFORMATION_FORMAT = "dwarf-with-dsym";
				ENABLE_BITCODE = NO;
				ENABLE_STRICT_OBJC_MSGSEND = YES;
				ENABLE_TESTABILITY = YES;
				GCC_C_LANGUAGE_STANDARD = gnu99;
				GCC_DYNAMIC_NO_PIC = NO;
				GCC_NO_COMMON_BLOCKS = YES;
				GCC_OPTIMIZATION_LEVEL = 0;
				GCC_PREPROCESSOR_DEFINITIONS = (
					"DEBUG=1",
					"$(inherited)",
				);
				GCC_SYMBOLS_PRIVATE_EXTERN = NO;
				GCC_WARN_64_TO_32_BIT_CONVERSION = YES;
				GCC_WARN_ABOUT_RETURN_TYPE = YES_ERROR;
				GCC_WARN_UNDECLARED_SELECTOR = YES;
				GCC_WARN_UNINITIALIZED_AUTOS = YES_AGGRESSIVE;
				GCC_WARN_UNUSED_FUNCTION = YES;
				GCC_WARN_UNUSED_VARIABLE = YES;
				IPHONEOS_DEPLOYMENT_TARGET = 9.0;
				MTL_ENABLE_DEBUG_INFO = YES;
				ONLY_ACTIVE_ARCH = YES;
				SDKROOT = iphoneos;
				SWIFT_OPTIMIZATION_LEVEL = "-Onone";
			};
			name = Debug;
		};
		C7F2539A1B66336C00930132 /* Release */ = {
			isa = XCBuildConfiguration;
			buildSettings = {
				ALWAYS_SEARCH_USER_PATHS = NO;
				CLANG_CXX_LANGUAGE_STANDARD = "gnu++0x";
				CLANG_CXX_LIBRARY = "libc++";
				CLANG_ENABLE_MODULES = YES;
				CLANG_ENABLE_OBJC_ARC = YES;
				CLANG_WARN_BOOL_CONVERSION = YES;
				CLANG_WARN_CONSTANT_CONVERSION = YES;
				CLANG_WARN_DIRECT_OBJC_ISA_USAGE = YES_ERROR;
				CLANG_WARN_EMPTY_BODY = YES;
				CLANG_WARN_ENUM_CONVERSION = YES;
				CLANG_WARN_INT_CONVERSION = YES;
				CLANG_WARN_OBJC_ROOT_CLASS = YES_ERROR;
				CLANG_WARN_UNREACHABLE_CODE = YES;
				CLANG_WARN__DUPLICATE_METHOD_MATCH = YES;
				"CODE_SIGN_IDENTITY[sdk=iphoneos*]" = "iPhone Developer";
				COPY_PHASE_STRIP = NO;
				DEBUG_INFORMATION_FORMAT = "dwarf-with-dsym";
				ENABLE_BITCODE = NO;
				ENABLE_NS_ASSERTIONS = NO;
				ENABLE_STRICT_OBJC_MSGSEND = YES;
				GCC_C_LANGUAGE_STANDARD = gnu99;
				GCC_NO_COMMON_BLOCKS = YES;
				GCC_WARN_64_TO_32_BIT_CONVERSION = YES;
				GCC_WARN_ABOUT_RETURN_TYPE = YES_ERROR;
				GCC_WARN_UNDECLARED_SELECTOR = YES;
				GCC_WARN_UNINITIALIZED_AUTOS = YES_AGGRESSIVE;
				GCC_WARN_UNUSED_FUNCTION = YES;
				GCC_WARN_UNUSED_VARIABLE = YES;
				IPHONEOS_DEPLOYMENT_TARGET = 9.0;
				MTL_ENABLE_DEBUG_INFO = NO;
				SDKROOT = iphoneos;
				VALIDATE_PRODUCT = YES;
			};
			name = Release;
		};
		C7F2539C1B66336C00930132 /* Debug */ = {
			isa = XCBuildConfiguration;
			baseConfigurationReference = C91AF97C6343FDAE41D1FF0F /* Pods.debug.xcconfig */;
			buildSettings = {
				ASSETCATALOG_COMPILER_APPICON_NAME = AppIcon;
				CLANG_ENABLE_MODULES = YES;
				CODE_SIGN_IDENTITY = "iPhone Developer";
				FRAMEWORK_SEARCH_PATHS = (
					"$(inherited)",
					"$(PROJECT_DIR)",
				);
				INFOPLIST_FILE = AirCommCamera/Info.plist;
				IPHONEOS_DEPLOYMENT_TARGET = 9.0;
				LD_RUNPATH_SEARCH_PATHS = "$(inherited) @executable_path/Frameworks";
				PRODUCT_BUNDLE_IDENTIFIER = "com.threees.$(PRODUCT_NAME:rfc1034identifier)";
				PRODUCT_NAME = "$(TARGET_NAME)";
				SWIFT_OBJC_BRIDGING_HEADER = "AirCommCamera/AirCommCamera-Bridging-Header.h";
				SWIFT_OPTIMIZATION_LEVEL = "-Onone";
			};
			name = Debug;
		};
		C7F2539D1B66336C00930132 /* Release */ = {
			isa = XCBuildConfiguration;
			baseConfigurationReference = 035B1E73BD14F6CB562974F6 /* Pods.release.xcconfig */;
			buildSettings = {
				ASSETCATALOG_COMPILER_APPICON_NAME = AppIcon;
				CLANG_ENABLE_MODULES = YES;
				CODE_SIGN_IDENTITY = "iPhone Developer";
				FRAMEWORK_SEARCH_PATHS = (
					"$(inherited)",
					"$(PROJECT_DIR)",
				);
				INFOPLIST_FILE = AirCommCamera/Info.plist;
				IPHONEOS_DEPLOYMENT_TARGET = 9.0;
				LD_RUNPATH_SEARCH_PATHS = "$(inherited) @executable_path/Frameworks";
				PRODUCT_BUNDLE_IDENTIFIER = "com.threees.$(PRODUCT_NAME:rfc1034identifier)";
				PRODUCT_NAME = "$(TARGET_NAME)";
				SWIFT_OBJC_BRIDGING_HEADER = "AirCommCamera/AirCommCamera-Bridging-Header.h";
			};
			name = Release;
		};
		C7F2539F1B66336C00930132 /* Debug */ = {
			isa = XCBuildConfiguration;
			buildSettings = {
				BUNDLE_LOADER = "$(TEST_HOST)";
				FRAMEWORK_SEARCH_PATHS = (
					"$(SDKROOT)/Developer/Library/Frameworks",
					"$(inherited)",
				);
				GCC_PREPROCESSOR_DEFINITIONS = (
					"DEBUG=1",
					"$(inherited)",
				);
				INFOPLIST_FILE = AirCommCameraTests/Info.plist;
				LD_RUNPATH_SEARCH_PATHS = "$(inherited) @executable_path/Frameworks @loader_path/Frameworks";
				PRODUCT_BUNDLE_IDENTIFIER = "com.threees.$(PRODUCT_NAME:rfc1034identifier)";
				PRODUCT_NAME = "$(TARGET_NAME)";
				TEST_HOST = "$(BUILT_PRODUCTS_DIR)/AirCommCamera.app/AirCommCamera";
			};
			name = Debug;
		};
		C7F253A01B66336C00930132 /* Release */ = {
			isa = XCBuildConfiguration;
			buildSettings = {
				BUNDLE_LOADER = "$(TEST_HOST)";
				FRAMEWORK_SEARCH_PATHS = (
					"$(SDKROOT)/Developer/Library/Frameworks",
					"$(inherited)",
				);
				INFOPLIST_FILE = AirCommCameraTests/Info.plist;
				LD_RUNPATH_SEARCH_PATHS = "$(inherited) @executable_path/Frameworks @loader_path/Frameworks";
				PRODUCT_BUNDLE_IDENTIFIER = "com.threees.$(PRODUCT_NAME:rfc1034identifier)";
				PRODUCT_NAME = "$(TARGET_NAME)";
				TEST_HOST = "$(BUILT_PRODUCTS_DIR)/AirCommCamera.app/AirCommCamera";
			};
			name = Release;
		};
/* End XCBuildConfiguration section */

/* Begin XCConfigurationList section */
		C7F253771B66336C00930132 /* Build configuration list for PBXProject "AirCommCamera" */ = {
			isa = XCConfigurationList;
			buildConfigurations = (
				C7F253991B66336C00930132 /* Debug */,
				C7F2539A1B66336C00930132 /* Release */,
			);
			defaultConfigurationIsVisible = 0;
			defaultConfigurationName = Release;
		};
		C7F2539B1B66336C00930132 /* Build configuration list for PBXNativeTarget "AirCommCamera" */ = {
			isa = XCConfigurationList;
			buildConfigurations = (
				C7F2539C1B66336C00930132 /* Debug */,
				C7F2539D1B66336C00930132 /* Release */,
			);
			defaultConfigurationIsVisible = 0;
			defaultConfigurationName = Release;
		};
		C7F2539E1B66336C00930132 /* Build configuration list for PBXNativeTarget "AirCommCameraTests" */ = {
			isa = XCConfigurationList;
			buildConfigurations = (
				C7F2539F1B66336C00930132 /* Debug */,
				C7F253A01B66336C00930132 /* Release */,
			);
			defaultConfigurationIsVisible = 0;
			defaultConfigurationName = Release;
		};
/* End XCConfigurationList section */
	};
	rootObject = C7F253741B66336C00930132 /* Project object */;
}
